// !$*UTF8*$!
{
	archiveVersion = 1;
	classes = {
	};
	objectVersion = 56;
	objects = {

/* Begin PBXBuildFile section */
		0E3C93A32B2D39C500F39BF7 /* Delivery.swift in Sources */ = {isa = PBXBuildFile; fileRef = 0E3C93A22B2D39C500F39BF7 /* Delivery.swift */; };
		0E3C93A52B2D5CBD00F39BF7 /* PresentSheetSupport.swift in Sources */ = {isa = PBXBuildFile; fileRef = 0E3C93A42B2D5CBD00F39BF7 /* PresentSheetSupport.swift */; };
		0E4BF63B2B29F02B0073C891 /* KFEApp.swift in Sources */ = {isa = PBXBuildFile; fileRef = 0E4BF63A2B29F02B0073C891 /* KFEApp.swift */; };
		0E4BF63F2B29F02D0073C891 /* Assets.xcassets in Resources */ = {isa = PBXBuildFile; fileRef = 0E4BF63E2B29F02D0073C891 /* Assets.xcassets */; };
		0E4BF6422B29F02D0073C891 /* Preview Assets.xcassets in Resources */ = {isa = PBXBuildFile; fileRef = 0E4BF6412B29F02D0073C891 /* Preview Assets.xcassets */; };
		0E4BF64E2B29F7B70073C891 /* Home.swift in Sources */ = {isa = PBXBuildFile; fileRef = 0E4BF64D2B29F7B70073C891 /* Home.swift */; };
		0E4BF6502B29F8270073C891 /* Onboarding.swift in Sources */ = {isa = PBXBuildFile; fileRef = 0E4BF64F2B29F8270073C891 /* Onboarding.swift */; };
		0E4BF6532B2A004D0073C891 /* ItemDetail.swift in Sources */ = {isa = PBXBuildFile; fileRef = 0E4BF6522B2A004D0073C891 /* ItemDetail.swift */; };
		0E4BF6562B2A00690073C891 /* Order.swift in Sources */ = {isa = PBXBuildFile; fileRef = 0E4BF6552B2A00690073C891 /* Order.swift */; };
		0E4BF6592B2A00880073C891 /* Main.swift in Sources */ = {isa = PBXBuildFile; fileRef = 0E4BF6582B2A00880073C891 /* Main.swift */; };
		0E4BF65D2B2A024D0073C891 /* Bag.swift in Sources */ = {isa = PBXBuildFile; fileRef = 0E4BF65C2B2A024D0073C891 /* Bag.swift */; };
		0E4BF65F2B2A02590073C891 /* Notification.swift in Sources */ = {isa = PBXBuildFile; fileRef = 0E4BF65E2B2A02590073C891 /* Notification.swift */; };
		0E4BF6622B2A027D0073C891 /* Heart.swift in Sources */ = {isa = PBXBuildFile; fileRef = 0E4BF6612B2A027D0073C891 /* Heart.swift */; };
		0E4BF6652B2AC1690073C891 /* CustomTabItem.swift in Sources */ = {isa = PBXBuildFile; fileRef = 0E4BF6642B2AC1690073C891 /* CustomTabItem.swift */; };
		0E4BF6682B2ADA590073C891 /* SearchBar.swift in Sources */ = {isa = PBXBuildFile; fileRef = 0E4BF6672B2ADA590073C891 /* SearchBar.swift */; };
		0E4BF66A2B2AFDE50073C891 /* CoffeeTypes.swift in Sources */ = {isa = PBXBuildFile; fileRef = 0E4BF6692B2AFDE50073C891 /* CoffeeTypes.swift */; };
/* End PBXBuildFile section */

/* Begin PBXFileReference section */
		0E3C93A22B2D39C500F39BF7 /* Delivery.swift */ = {isa = PBXFileReference; lastKnownFileType = sourcecode.swift; path = Delivery.swift; sourceTree = "<group>"; };
		0E3C93A42B2D5CBD00F39BF7 /* PresentSheetSupport.swift */ = {isa = PBXFileReference; lastKnownFileType = sourcecode.swift; path = PresentSheetSupport.swift; sourceTree = "<group>"; };
		0E4BF6372B29F02B0073C891 /* KFE.app */ = {isa = PBXFileReference; explicitFileType = wrapper.application; includeInIndex = 0; path = KFE.app; sourceTree = BUILT_PRODUCTS_DIR; };
		0E4BF63A2B29F02B0073C891 /* KFEApp.swift */ = {isa = PBXFileReference; lastKnownFileType = sourcecode.swift; path = KFEApp.swift; sourceTree = "<group>"; };
		0E4BF63E2B29F02D0073C891 /* Assets.xcassets */ = {isa = PBXFileReference; lastKnownFileType = folder.assetcatalog; path = Assets.xcassets; sourceTree = "<group>"; };
		0E4BF6412B29F02D0073C891 /* Preview Assets.xcassets */ = {isa = PBXFileReference; lastKnownFileType = folder.assetcatalog; path = "Preview Assets.xcassets"; sourceTree = "<group>"; };
		0E4BF64D2B29F7B70073C891 /* Home.swift */ = {isa = PBXFileReference; lastKnownFileType = sourcecode.swift; path = Home.swift; sourceTree = "<group>"; };
		0E4BF64F2B29F8270073C891 /* Onboarding.swift */ = {isa = PBXFileReference; lastKnownFileType = sourcecode.swift; path = Onboarding.swift; sourceTree = "<group>"; };
		0E4BF6522B2A004D0073C891 /* ItemDetail.swift */ = {isa = PBXFileReference; lastKnownFileType = sourcecode.swift; path = ItemDetail.swift; sourceTree = "<group>"; };
		0E4BF6552B2A00690073C891 /* Order.swift */ = {isa = PBXFileReference; lastKnownFileType = sourcecode.swift; path = Order.swift; sourceTree = "<group>"; };
		0E4BF6582B2A00880073C891 /* Main.swift */ = {isa = PBXFileReference; lastKnownFileType = sourcecode.swift; path = Main.swift; sourceTree = "<group>"; };
		0E4BF65C2B2A024D0073C891 /* Bag.swift */ = {isa = PBXFileReference; lastKnownFileType = sourcecode.swift; path = Bag.swift; sourceTree = "<group>"; };
		0E4BF65E2B2A02590073C891 /* Notification.swift */ = {isa = PBXFileReference; lastKnownFileType = sourcecode.swift; path = Notification.swift; sourceTree = "<group>"; };
		0E4BF6612B2A027D0073C891 /* Heart.swift */ = {isa = PBXFileReference; lastKnownFileType = sourcecode.swift; path = Heart.swift; sourceTree = "<group>"; };
		0E4BF6642B2AC1690073C891 /* CustomTabItem.swift */ = {isa = PBXFileReference; lastKnownFileType = sourcecode.swift; path = CustomTabItem.swift; sourceTree = "<group>"; };
		0E4BF6672B2ADA590073C891 /* SearchBar.swift */ = {isa = PBXFileReference; lastKnownFileType = sourcecode.swift; path = SearchBar.swift; sourceTree = "<group>"; };
		0E4BF6692B2AFDE50073C891 /* CoffeeTypes.swift */ = {isa = PBXFileReference; lastKnownFileType = sourcecode.swift; path = CoffeeTypes.swift; sourceTree = "<group>"; };
/* End PBXFileReference section */

/* Begin PBXFrameworksBuildPhase section */
		0E4BF6342B29F02B0073C891 /* Frameworks */ = {
			isa = PBXFrameworksBuildPhase;
			buildActionMask = 2147483647;
			files = (
			);
			runOnlyForDeploymentPostprocessing = 0;
		};
/* End PBXFrameworksBuildPhase section */

/* Begin PBXGroup section */
		0E3C93A12B2D39AF00F39BF7 /* Delivery */ = {
			isa = PBXGroup;
			children = (
				0E3C93A22B2D39C500F39BF7 /* Delivery.swift */,
			);
			path = Delivery;
			sourceTree = "<group>";
		};
		0E3C93A62B2D5CC200F39BF7 /* Helper */ = {
			isa = PBXGroup;
			children = (
				0E3C93A42B2D5CBD00F39BF7 /* PresentSheetSupport.swift */,
			);
			path = Helper;
			sourceTree = "<group>";
		};
		0E4BF62E2B29F02B0073C891 = {
			isa = PBXGroup;
			children = (
				0E4BF6392B29F02B0073C891 /* KFE */,
				0E4BF6382B29F02B0073C891 /* Products */,
			);
			sourceTree = "<group>";
		};
		0E4BF6382B29F02B0073C891 /* Products */ = {
			isa = PBXGroup;
			children = (
				0E4BF6372B29F02B0073C891 /* KFE.app */,
			);
			name = Products;
			sourceTree = "<group>";
		};
		0E4BF6392B29F02B0073C891 /* KFE */ = {
			isa = PBXGroup;
			children = (
				0E3C93A62B2D5CC200F39BF7 /* Helper */,
				0E4BF6482B29F1DE0073C891 /* Screens */,
				0E4BF63A2B29F02B0073C891 /* KFEApp.swift */,
				0E4BF63E2B29F02D0073C891 /* Assets.xcassets */,
				0E4BF6402B29F02D0073C891 /* Preview Content */,
			);
			path = KFE;
			sourceTree = "<group>";
		};
		0E4BF6402B29F02D0073C891 /* Preview Content */ = {
			isa = PBXGroup;
			children = (
				0E4BF6412B29F02D0073C891 /* Preview Assets.xcassets */,
			);
			path = "Preview Content";
			sourceTree = "<group>";
		};
		0E4BF6482B29F1DE0073C891 /* Screens */ = {
			isa = PBXGroup;
			children = (
				0E3C93A12B2D39AF00F39BF7 /* Delivery */,
				0E4BF6572B2A00800073C891 /* Main */,
				0E4BF64C2B29F7AB0073C891 /* Home */,
				0E4BF6512B2A002D0073C891 /* ItemDetail */,
				0E4BF6542B2A005F0073C891 /* Order */,
				0E4BF6602B2A02710073C891 /* Heart */,
				0E4BF65B2B2A02410073C891 /* Notification */,
				0E4BF65A2B2A023A0073C891 /* Bag */,
				0E4BF64B2B29F79B0073C891 /* Onboarding */,
			);
			path = Screens;
			sourceTree = "<group>";
		};
		0E4BF64B2B29F79B0073C891 /* Onboarding */ = {
			isa = PBXGroup;
			children = (
				0E4BF64F2B29F8270073C891 /* Onboarding.swift */,
			);
			path = Onboarding;
			sourceTree = "<group>";
		};
		0E4BF64C2B29F7AB0073C891 /* Home */ = {
			isa = PBXGroup;
			children = (
				0E4BF6662B2ADA410073C891 /* Component */,
				0E4BF64D2B29F7B70073C891 /* Home.swift */,
			);
			path = Home;
			sourceTree = "<group>";
		};
		0E4BF6512B2A002D0073C891 /* ItemDetail */ = {
			isa = PBXGroup;
			children = (
				0E4BF6522B2A004D0073C891 /* ItemDetail.swift */,
			);
			path = ItemDetail;
			sourceTree = "<group>";
		};
		0E4BF6542B2A005F0073C891 /* Order */ = {
			isa = PBXGroup;
			children = (
				0E4BF6552B2A00690073C891 /* Order.swift */,
			);
			path = Order;
			sourceTree = "<group>";
		};
		0E4BF6572B2A00800073C891 /* Main */ = {
			isa = PBXGroup;
			children = (
				0E4BF6632B2AC1250073C891 /* Components */,
				0E4BF6582B2A00880073C891 /* Main.swift */,
			);
			path = Main;
			sourceTree = "<group>";
		};
		0E4BF65A2B2A023A0073C891 /* Bag */ = {
			isa = PBXGroup;
			children = (
				0E4BF65C2B2A024D0073C891 /* Bag.swift */,
			);
			path = Bag;
			sourceTree = "<group>";
		};
		0E4BF65B2B2A02410073C891 /* Notification */ = {
			isa = PBXGroup;
			children = (
				0E4BF65E2B2A02590073C891 /* Notification.swift */,
			);
			path = Notification;
			sourceTree = "<group>";
		};
		0E4BF6602B2A02710073C891 /* Heart */ = {
			isa = PBXGroup;
			children = (
				0E4BF6612B2A027D0073C891 /* Heart.swift */,
			);
			path = Heart;
			sourceTree = "<group>";
		};
		0E4BF6632B2AC1250073C891 /* Components */ = {
			isa = PBXGroup;
			children = (
				0E4BF6642B2AC1690073C891 /* CustomTabItem.swift */,
			);
			path = Components;
			sourceTree = "<group>";
		};
		0E4BF6662B2ADA410073C891 /* Component */ = {
			isa = PBXGroup;
			children = (
				0E4BF6672B2ADA590073C891 /* SearchBar.swift */,
				0E4BF6692B2AFDE50073C891 /* CoffeeTypes.swift */,
			);
			path = Component;
			sourceTree = "<group>";
		};
/* End PBXGroup section */

/* Begin PBXNativeTarget section */
		0E4BF6362B29F02B0073C891 /* KFE */ = {
			isa = PBXNativeTarget;
			buildConfigurationList = 0E4BF6452B29F02D0073C891 /* Build configuration list for PBXNativeTarget "KFE" */;
			buildPhases = (
				0E4BF6332B29F02B0073C891 /* Sources */,
				0E4BF6342B29F02B0073C891 /* Frameworks */,
				0E4BF6352B29F02B0073C891 /* Resources */,
			);
			buildRules = (
			);
			dependencies = (
			);
			name = KFE;
			productName = KFE;
			productReference = 0E4BF6372B29F02B0073C891 /* KFE.app */;
			productType = "com.apple.product-type.application";
		};
/* End PBXNativeTarget section */

/* Begin PBXProject section */
		0E4BF62F2B29F02B0073C891 /* Project object */ = {
			isa = PBXProject;
			attributes = {
				BuildIndependentTargetsInParallel = 1;
				LastSwiftUpdateCheck = 1420;
				LastUpgradeCheck = 1420;
				TargetAttributes = {
					0E4BF6362B29F02B0073C891 = {
						CreatedOnToolsVersion = 14.2;
					};
				};
			};
			buildConfigurationList = 0E4BF6322B29F02B0073C891 /* Build configuration list for PBXProject "KFE" */;
			compatibilityVersion = "Xcode 14.0";
			developmentRegion = en;
			hasScannedForEncodings = 0;
			knownRegions = (
				en,
				Base,
			);
			mainGroup = 0E4BF62E2B29F02B0073C891;
			productRefGroup = 0E4BF6382B29F02B0073C891 /* Products */;
			projectDirPath = "";
			projectRoot = "";
			targets = (
				0E4BF6362B29F02B0073C891 /* KFE */,
			);
		};
/* End PBXProject section */

/* Begin PBXResourcesBuildPhase section */
		0E4BF6352B29F02B0073C891 /* Resources */ = {
			isa = PBXResourcesBuildPhase;
			buildActionMask = 2147483647;
			files = (
				0E4BF6422B29F02D0073C891 /* Preview Assets.xcassets in Resources */,
				0E4BF63F2B29F02D0073C891 /* Assets.xcassets in Resources */,
			);
			runOnlyForDeploymentPostprocessing = 0;
		};
/* End PBXResourcesBuildPhase section */

/* Begin PBXSourcesBuildPhase section */
		0E4BF6332B29F02B0073C891 /* Sources */ = {
			isa = PBXSourcesBuildPhase;
			buildActionMask = 2147483647;
			files = (
				0E4BF6622B2A027D0073C891 /* Heart.swift in Sources */,
				0E3C93A52B2D5CBD00F39BF7 /* PresentSheetSupport.swift in Sources */,
				0E4BF6592B2A00880073C891 /* Main.swift in Sources */,
				0E4BF6502B29F8270073C891 /* Onboarding.swift in Sources */,
				0E4BF65D2B2A024D0073C891 /* Bag.swift in Sources */,
				0E4BF6532B2A004D0073C891 /* ItemDetail.swift in Sources */,
				0E4BF65F2B2A02590073C891 /* Notification.swift in Sources */,
				0E4BF6562B2A00690073C891 /* Order.swift in Sources */,
				0E4BF6652B2AC1690073C891 /* CustomTabItem.swift in Sources */,
				0E4BF64E2B29F7B70073C891 /* Home.swift in Sources */,
				0E4BF6682B2ADA590073C891 /* SearchBar.swift in Sources */,
				0E4BF63B2B29F02B0073C891 /* KFEApp.swift in Sources */,
				0E4BF66A2B2AFDE50073C891 /* CoffeeTypes.swift in Sources */,
				0E3C93A32B2D39C500F39BF7 /* Delivery.swift in Sources */,
			);
			runOnlyForDeploymentPostprocessing = 0;
		};
/* End PBXSourcesBuildPhase section */

/* Begin XCBuildConfiguration section */
		0E4BF6432B29F02D0073C891 /* Debug */ = {
			isa = XCBuildConfiguration;
			buildSettings = {
				ALWAYS_SEARCH_USER_PATHS = NO;
				CLANG_ANALYZER_NONNULL = YES;
				CLANG_ANALYZER_NUMBER_OBJECT_CONVERSION = YES_AGGRESSIVE;
				CLANG_CXX_LANGUAGE_STANDARD = "gnu++20";
				CLANG_ENABLE_MODULES = YES;
				CLANG_ENABLE_OBJC_ARC = YES;
				CLANG_ENABLE_OBJC_WEAK = YES;
				CLANG_WARN_BLOCK_CAPTURE_AUTORELEASING = YES;
				CLANG_WARN_BOOL_CONVERSION = YES;
				CLANG_WARN_COMMA = YES;
				CLANG_WARN_CONSTANT_CONVERSION = YES;
				CLANG_WARN_DEPRECATED_OBJC_IMPLEMENTATIONS = YES;
				CLANG_WARN_DIRECT_OBJC_ISA_USAGE = YES_ERROR;
				CLANG_WARN_DOCUMENTATION_COMMENTS = YES;
				CLANG_WARN_EMPTY_BODY = YES;
				CLANG_WARN_ENUM_CONVERSION = YES;
				CLANG_WARN_INFINITE_RECURSION = YES;
				CLANG_WARN_INT_CONVERSION = YES;
				CLANG_WARN_NON_LITERAL_NULL_CONVERSION = YES;
				CLANG_WARN_OBJC_IMPLICIT_RETAIN_SELF = YES;
				CLANG_WARN_OBJC_LITERAL_CONVERSION = YES;
				CLANG_WARN_OBJC_ROOT_CLASS = YES_ERROR;
				CLANG_WARN_QUOTED_INCLUDE_IN_FRAMEWORK_HEADER = YES;
				CLANG_WARN_RANGE_LOOP_ANALYSIS = YES;
				CLANG_WARN_STRICT_PROTOTYPES = YES;
				CLANG_WARN_SUSPICIOUS_MOVE = YES;
				CLANG_WARN_UNGUARDED_AVAILABILITY = YES_AGGRESSIVE;
				CLANG_WARN_UNREACHABLE_CODE = YES;
				CLANG_WARN__DUPLICATE_METHOD_MATCH = YES;
				COPY_PHASE_STRIP = NO;
				DEBUG_INFORMATION_FORMAT = dwarf;
				ENABLE_STRICT_OBJC_MSGSEND = YES;
				ENABLE_TESTABILITY = YES;
				GCC_C_LANGUAGE_STANDARD = gnu11;
				GCC_DYNAMIC_NO_PIC = NO;
				GCC_NO_COMMON_BLOCKS = YES;
				GCC_OPTIMIZATION_LEVEL = 0;
				GCC_PREPROCESSOR_DEFINITIONS = (
					"DEBUG=1",
					"$(inherited)",
				);
				GCC_WARN_64_TO_32_BIT_CONVERSION = YES;
				GCC_WARN_ABOUT_RETURN_TYPE = YES_ERROR;
				GCC_WARN_UNDECLARED_SELECTOR = YES;
				GCC_WARN_UNINITIALIZED_AUTOS = YES_AGGRESSIVE;
				GCC_WARN_UNUSED_FUNCTION = YES;
				GCC_WARN_UNUSED_VARIABLE = YES;
				IPHONEOS_DEPLOYMENT_TARGET = 16.2;
				MTL_ENABLE_DEBUG_INFO = INCLUDE_SOURCE;
				MTL_FAST_MATH = YES;
				ONLY_ACTIVE_ARCH = YES;
				SDKROOT = iphoneos;
				SWIFT_ACTIVE_COMPILATION_CONDITIONS = DEBUG;
				SWIFT_OPTIMIZATION_LEVEL = "-Onone";
			};
			name = Debug;
		};
		0E4BF6442B29F02D0073C891 /* Release */ = {
			isa = XCBuildConfiguration;
			buildSettings = {
				ALWAYS_SEARCH_USER_PATHS = NO;
				CLANG_ANALYZER_NONNULL = YES;
				CLANG_ANALYZER_NUMBER_OBJECT_CONVERSION = YES_AGGRESSIVE;
				CLANG_CXX_LANGUAGE_STANDARD = "gnu++20";
				CLANG_ENABLE_MODULES = YES;
				CLANG_ENABLE_OBJC_ARC = YES;
				CLANG_ENABLE_OBJC_WEAK = YES;
				CLANG_WARN_BLOCK_CAPTURE_AUTORELEASING = YES;
				CLANG_WARN_BOOL_CONVERSION = YES;
				CLANG_WARN_COMMA = YES;
				CLANG_WARN_CONSTANT_CONVERSION = YES;
				CLANG_WARN_DEPRECATED_OBJC_IMPLEMENTATIONS = YES;
				CLANG_WARN_DIRECT_OBJC_ISA_USAGE = YES_ERROR;
				CLANG_WARN_DOCUMENTATION_COMMENTS = YES;
				CLANG_WARN_EMPTY_BODY = YES;
				CLANG_WARN_ENUM_CONVERSION = YES;
				CLANG_WARN_INFINITE_RECURSION = YES;
				CLANG_WARN_INT_CONVERSION = YES;
				CLANG_WARN_NON_LITERAL_NULL_CONVERSION = YES;
				CLANG_WARN_OBJC_IMPLICIT_RETAIN_SELF = YES;
				CLANG_WARN_OBJC_LITERAL_CONVERSION = YES;
				CLANG_WARN_OBJC_ROOT_CLASS = YES_ERROR;
				CLANG_WARN_QUOTED_INCLUDE_IN_FRAMEWORK_HEADER = YES;
				CLANG_WARN_RANGE_LOOP_ANALYSIS = YES;
				CLANG_WARN_STRICT_PROTOTYPES = YES;
				CLANG_WARN_SUSPICIOUS_MOVE = YES;
				CLANG_WARN_UNGUARDED_AVAILABILITY = YES_AGGRESSIVE;
				CLANG_WARN_UNREACHABLE_CODE = YES;
				CLANG_WARN__DUPLICATE_METHOD_MATCH = YES;
				COPY_PHASE_STRIP = NO;
				DEBUG_INFORMATION_FORMAT = "dwarf-with-dsym";
				ENABLE_NS_ASSERTIONS = NO;
				ENABLE_STRICT_OBJC_MSGSEND = YES;
				GCC_C_LANGUAGE_STANDARD = gnu11;
				GCC_NO_COMMON_BLOCKS = YES;
				GCC_WARN_64_TO_32_BIT_CONVERSION = YES;
				GCC_WARN_ABOUT_RETURN_TYPE = YES_ERROR;
				GCC_WARN_UNDECLARED_SELECTOR = YES;
				GCC_WARN_UNINITIALIZED_AUTOS = YES_AGGRESSIVE;
				GCC_WARN_UNUSED_FUNCTION = YES;
				GCC_WARN_UNUSED_VARIABLE = YES;
				IPHONEOS_DEPLOYMENT_TARGET = 16.2;
				MTL_ENABLE_DEBUG_INFO = NO;
				MTL_FAST_MATH = YES;
				SDKROOT = iphoneos;
				SWIFT_COMPILATION_MODE = wholemodule;
				SWIFT_OPTIMIZATION_LEVEL = "-O";
				VALIDATE_PRODUCT = YES;
			};
			name = Release;
		};
		0E4BF6462B29F02D0073C891 /* Debug */ = {
			isa = XCBuildConfiguration;
			buildSettings = {
				ASSETCATALOG_COMPILER_APPICON_NAME = AppIcon;
				ASSETCATALOG_COMPILER_GLOBAL_ACCENT_COLOR_NAME = AccentColor;
				CODE_SIGN_STYLE = Automatic;
				CURRENT_PROJECT_VERSION = 1;
				DEVELOPMENT_ASSET_PATHS = "\"KFE/Preview Content\"";
				ENABLE_PREVIEWS = YES;
				GENERATE_INFOPLIST_FILE = YES;
				INFOPLIST_KEY_UIApplicationSceneManifest_Generation = YES;
				INFOPLIST_KEY_UIApplicationSupportsIndirectInputEvents = YES;
				INFOPLIST_KEY_UILaunchScreen_Generation = YES;
				INFOPLIST_KEY_UISupportedInterfaceOrientations_iPad = "UIInterfaceOrientationPortrait UIInterfaceOrientationPortraitUpsideDown UIInterfaceOrientationLandscapeLeft UIInterfaceOrientationLandscapeRight";
				INFOPLIST_KEY_UISupportedInterfaceOrientations_iPhone = "UIInterfaceOrientationPortrait UIInterfaceOrientationLandscapeLeft UIInterfaceOrientationLandscapeRight";
				LD_RUNPATH_SEARCH_PATHS = (
					"$(inherited)",
					"@executable_path/Frameworks",
				);
				MARKETING_VERSION = 1.0;
				PRODUCT_BUNDLE_IDENTIFIER = com.KFE;
				PRODUCT_NAME = "$(TARGET_NAME)";
				SWIFT_EMIT_LOC_STRINGS = YES;
				SWIFT_VERSION = 5.0;
				TARGETED_DEVICE_FAMILY = "1,2";
			};
			name = Debug;
		};
		0E4BF6472B29F02D0073C891 /* Release */ = {
			isa = XCBuildConfiguration;
			buildSettings = {
				ASSETCATALOG_COMPILER_APPICON_NAME = AppIcon;
				ASSETCATALOG_COMPILER_GLOBAL_ACCENT_COLOR_NAME = AccentColor;
				CODE_SIGN_STYLE = Automatic;
				CURRENT_PROJECT_VERSION = 1;
				DEVELOPMENT_ASSET_PATHS = "\"KFE/Preview Content\"";
				ENABLE_PREVIEWS = YES;
				GENERATE_INFOPLIST_FILE = YES;
				INFOPLIST_KEY_UIApplicationSceneManifest_Generation = YES;
				INFOPLIST_KEY_UIApplicationSupportsIndirectInputEvents = YES;
				INFOPLIST_KEY_UILaunchScreen_Generation = YES;
				INFOPLIST_KEY_UISupportedInterfaceOrientations_iPad = "UIInterfaceOrientationPortrait UIInterfaceOrientationPortraitUpsideDown UIInterfaceOrientationLandscapeLeft UIInterfaceOrientationLandscapeRight";
				INFOPLIST_KEY_UISupportedInterfaceOrientations_iPhone = "UIInterfaceOrientationPortrait UIInterfaceOrientationLandscapeLeft UIInterfaceOrientationLandscapeRight";
				LD_RUNPATH_SEARCH_PATHS = (
					"$(inherited)",
					"@executable_path/Frameworks",
				);
				MARKETING_VERSION = 1.0;
				PRODUCT_BUNDLE_IDENTIFIER = com.KFE;
				PRODUCT_NAME = "$(TARGET_NAME)";
				SWIFT_EMIT_LOC_STRINGS = YES;
				SWIFT_VERSION = 5.0;
				TARGETED_DEVICE_FAMILY = "1,2";
			};
			name = Release;
		};
/* End XCBuildConfiguration section */

/* Begin XCConfigurationList section */
		0E4BF6322B29F02B0073C891 /* Build configuration list for PBXProject "KFE" */ = {
			isa = XCConfigurationList;
			buildConfigurations = (
				0E4BF6432B29F02D0073C891 /* Debug */,
				0E4BF6442B29F02D0073C891 /* Release */,
			);
			defaultConfigurationIsVisible = 0;
			defaultConfigurationName = Release;
		};
		0E4BF6452B29F02D0073C891 /* Build configuration list for PBXNativeTarget "KFE" */ = {
			isa = XCConfigurationList;
			buildConfigurations = (
				0E4BF6462B29F02D0073C891 /* Debug */,
				0E4BF6472B29F02D0073C891 /* Release */,
			);
			defaultConfigurationIsVisible = 0;
			defaultConfigurationName = Release;
		};
/* End XCConfigurationList section */
	};
	rootObject = 0E4BF62F2B29F02B0073C891 /* Project object */;
}
